
Microsoft Visual Studio Solution File, Format Version 12.00
# Visual Studio 15
VisualStudioVersion = 15.0.28010.2048
MinimumVisualStudioVersion = 10.0.40219.1
Project("{FAE04EC0-301F-11D3-BF4B-00C04F79EFBC}") = "DevKido.Utilities", "DevKido.Utilities\DevKido.Utilities.csproj", "{717CF023-D5E8-4C43-9011-474ADD184702}"
EndProject
Global
	GlobalSection(SolutionConfigurationPlatforms) = preSolution
		Debug|Any CPU = Debug|Any CPU
		Release|Any CPU = Release|Any CPU
	EndGlobalSection
	GlobalSection(ProjectConfigurationPlatforms) = postSolution
		{717CF023-D5E8-4C43-9011-474ADD184702}.Debug|Any CPU.ActiveCfg = Debug|Any CPU
		{717CF023-D5E8-4C43-9011-474ADD184702}.Debug|Any CPU.Build.0 = Debug|Any CPU
		{717CF023-D5E8-4C43-9011-474ADD184702}.Release|Any CPU.ActiveCfg = Release|Any CPU
		{717CF023-D5E8-4C43-9011-474ADD184702}.Release|Any CPU.Build.0 = Release|Any CPU
	EndGlobalSection
	GlobalSection(SolutionProperties) = preSolution
		HideSolutionNode = FALSE
	EndGlobalSection
	GlobalSection(ExtensibilityGlobals) = postSolution
		SolutionGuid = {4275289E-B6B0-43B6-A270-FD6FC5DB5CBB}
	EndGlobalSection
EndGlobal
